{
    "version": 3,
    "terraform_version": "0.11.7",
    "serial": 49,
    "lineage": "350286b5-e864-4c6c-a123-50672543be2a",
    "modules": [
        {
            "path": [
                "root"
            ],
            "outputs": {},
            "resources": {
                "aws_eip.forNatA": {
                    "type": "aws_eip",
                    "depends_on": [],
                    "primary": {
                        "id": "eipalloc-4c164c70",
                        "attributes": {
                            "association_id": "",
                            "domain": "vpc",
                            "id": "eipalloc-4c164c70",
                            "instance": "",
                            "network_interface": "",
                            "private_ip": "",
                            "public_ip": "52.13.155.192",
                            "tags.%": "0",
                            "vpc": "true"
                        },
                        "meta": {
                            "e2bfb730-ecaa-11e6-8f88-34363bc7c4c0": {
                                "delete": 180000000000,
                                "read": 900000000000,
                                "update": 300000000000
                            }
                        },
                        "tainted": false
                    },
                    "deposed": [],
                    "provider": "provider.aws"
                },
                "aws_eip.forNatB": {
                    "type": "aws_eip",
                    "depends_on": [],
                    "primary": {
                        "id": "eipalloc-d4174de8",
                        "attributes": {
                            "association_id": "",
                            "domain": "vpc",
                            "id": "eipalloc-d4174de8",
                            "instance": "",
                            "network_interface": "",
                            "private_ip": "",
                            "public_ip": "54.203.196.72",
                            "tags.%": "0",
                            "vpc": "true"
                        },
                        "meta": {
                            "e2bfb730-ecaa-11e6-8f88-34363bc7c4c0": {
                                "delete": 180000000000,
                                "read": 900000000000,
                                "update": 300000000000
                            }
                        },
                        "tainted": false
                    },
                    "deposed": [],
                    "provider": "provider.aws"
                },
                "aws_instance.serv1": {
                    "type": "aws_instance",
                    "depends_on": [
                        "aws_security_group.FrontEndA",
                        "aws_subnet.PublicA"
                    ],
                    "primary": {
                        "id": "i-08d379d378693865f",
                        "attributes": {
                            "ami": "ami-5ec1673e",
                            "associate_public_ip_address": "true",
                            "availability_zone": "us-west-2a",
                            "credit_specification.#": "1",
                            "credit_specification.0.cpu_credits": "standard",
                            "disable_api_termination": "false",
                            "ebs_block_device.#": "0",
                            "ebs_optimized": "false",
                            "ephemeral_block_device.#": "0",
                            "get_password_data": "false",
                            "iam_instance_profile": "",
                            "id": "i-08d379d378693865f",
                            "instance_state": "running",
                            "instance_type": "t2.micro",
                            "ipv6_addresses.#": "0",
                            "key_name": "ELK stack",
                            "monitoring": "false",
                            "network_interface.#": "0",
                            "network_interface_id": "eni-a0b3775f",
                            "password_data": "",
                            "placement_group": "",
                            "primary_network_interface_id": "eni-a0b3775f",
                            "private_dns": "ip-172-28-0-19.us-west-2.compute.internal",
                            "private_ip": "172.28.0.19",
                            "public_dns": "ec2-34-220-12-26.us-west-2.compute.amazonaws.com",
                            "public_ip": "34.220.12.26",
                            "root_block_device.#": "1",
                            "root_block_device.0.delete_on_termination": "true",
                            "root_block_device.0.iops": "100",
                            "root_block_device.0.volume_id": "vol-046e95e913291246b",
                            "root_block_device.0.volume_size": "8",
                            "root_block_device.0.volume_type": "gp2",
                            "security_groups.#": "0",
                            "source_dest_check": "true",
                            "subnet_id": "subnet-cba1c780",
                            "tags.%": "1",
                            "tags.Name": "serv1",
                            "tenancy": "default",
                            "volume_tags.%": "0",
                            "vpc_security_group_ids.#": "1",
                            "vpc_security_group_ids.3159402390": "sg-d19221a1"
                        },
                        "meta": {
                            "e2bfb730-ecaa-11e6-8f88-34363bc7c4c0": {
                                "create": 600000000000,
                                "delete": 1200000000000,
                                "update": 600000000000
                            },
                            "schema_version": "1"
                        },
                        "tainted": false
                    },
                    "deposed": [],
                    "provider": "provider.aws"
                },
                "aws_internet_gateway.gw_a": {
                    "type": "aws_internet_gateway",
                    "depends_on": [
                        "aws_vpc.cybereason_terraform_vpc1"
                    ],
                    "primary": {
                        "id": "igw-6af6ad0c",
                        "attributes": {
                            "id": "igw-6af6ad0c",
                            "tags.%": "1",
                            "tags.Name": "internet gw terraform generated",
                            "vpc_id": "vpc-17ea056f"
                        },
                        "meta": {},
                        "tainted": false
                    },
                    "deposed": [],
                    "provider": "provider.aws"
                },
                "aws_internet_gateway.gw_b": {
                    "type": "aws_internet_gateway",
                    "depends_on": [
                        "aws_vpc.cybereason_terraform_vpc2"
                    ],
                    "primary": {
                        "id": "igw-12e9b274",
                        "attributes": {
                            "id": "igw-12e9b274",
                            "tags.%": "1",
                            "tags.Name": "internet gw terraform generated",
                            "vpc_id": "vpc-9be708e3"
                        },
                        "meta": {},
                        "tainted": false
                    },
                    "deposed": [],
                    "provider": "provider.aws"
                },
                "aws_network_acl.all_a": {
                    "type": "aws_network_acl",
                    "depends_on": [
                        "aws_vpc.cybereason_terraform_vpc1"
                    ],
                    "primary": {
                        "id": "acl-8988ccf1",
                        "attributes": {
                            "egress.#": "0",
                            "id": "acl-8988ccf1",
                            "ingress.#": "0",
                            "subnet_ids.#": "0",
                            "tags.%": "1",
                            "tags.Name": "open acl",
                            "vpc_id": "vpc-17ea056f"
                        },
                        "meta": {},
                        "tainted": false
                    },
                    "deposed": [],
                    "provider": "provider.aws"
                },
                "aws_network_acl.all_b": {
                    "type": "aws_network_acl",
                    "depends_on": [
                        "aws_vpc.cybereason_terraform_vpc2"
                    ],
                    "primary": {
                        "id": "acl-8e81c5f6",
                        "attributes": {
                            "egress.#": "0",
                            "id": "acl-8e81c5f6",
                            "ingress.#": "1",
                            "ingress.1564094202.action": "allow",
                            "ingress.1564094202.cidr_block": "0.0.0.0/0",
                            "ingress.1564094202.from_port": "0",
                            "ingress.1564094202.icmp_code": "0",
                            "ingress.1564094202.icmp_type": "0",
                            "ingress.1564094202.ipv6_cidr_block": "",
                            "ingress.1564094202.protocol": "-1",
                            "ingress.1564094202.rule_no": "1",
                            "ingress.1564094202.to_port": "0",
                            "subnet_ids.#": "0",
                            "tags.%": "1",
                            "tags.Name": "open acl",
                            "vpc_id": "vpc-9be708e3"
                        },
                        "meta": {},
                        "tainted": false
                    },
                    "deposed": [],
                    "provider": "provider.aws"
                },
                "aws_route_table.public_a": {
                    "type": "aws_route_table",
                    "depends_on": [
                        "aws_internet_gateway.gw_a",
                        "aws_vpc.cybereason_terraform_vpc1",
                        "aws_vpc_peering_connection.vpc-peering"
                    ],
                    "primary": {
                        "id": "rtb-b314d7c8",
                        "attributes": {
                            "id": "rtb-b314d7c8",
                            "propagating_vgws.#": "0",
                            "route.#": "2",
                            "route.2168612216.cidr_block": "210.29.0.0/16",
                            "route.2168612216.egress_only_gateway_id": "",
                            "route.2168612216.gateway_id": "",
                            "route.2168612216.instance_id": "",
                            "route.2168612216.ipv6_cidr_block": "",
                            "route.2168612216.nat_gateway_id": "",
                            "route.2168612216.network_interface_id": "",
                            "route.2168612216.vpc_peering_connection_id": "pcx-b34185db",
                            "route.501865031.cidr_block": "0.0.0.0/0",
                            "route.501865031.egress_only_gateway_id": "",
                            "route.501865031.gateway_id": "igw-6af6ad0c",
                            "route.501865031.instance_id": "",
                            "route.501865031.ipv6_cidr_block": "",
                            "route.501865031.nat_gateway_id": "",
                            "route.501865031.network_interface_id": "",
                            "route.501865031.vpc_peering_connection_id": "",
                            "tags.%": "1",
                            "tags.Name": "PublicA",
                            "vpc_id": "vpc-17ea056f"
                        },
                        "meta": {},
                        "tainted": false
                    },
                    "deposed": [],
                    "provider": "provider.aws"
                },
                "aws_route_table.public_b": {
                    "type": "aws_route_table",
                    "depends_on": [
                        "aws_internet_gateway.gw_b",
                        "aws_vpc.cybereason_terraform_vpc2"
                    ],
                    "primary": {
                        "id": "rtb-c217d4b9",
                        "attributes": {
                            "id": "rtb-c217d4b9",
                            "propagating_vgws.#": "0",
                            "route.#": "1",
                            "route.785010897.cidr_block": "0.0.0.0/0",
                            "route.785010897.egress_only_gateway_id": "",
                            "route.785010897.gateway_id": "igw-12e9b274",
                            "route.785010897.instance_id": "",
                            "route.785010897.ipv6_cidr_block": "",
                            "route.785010897.nat_gateway_id": "",
                            "route.785010897.network_interface_id": "",
                            "route.785010897.vpc_peering_connection_id": "",
                            "tags.%": "1",
                            "tags.Name": "PublicB",
                            "vpc_id": "vpc-9be708e3"
                        },
                        "meta": {},
                        "tainted": false
                    },
                    "deposed": [],
                    "provider": "provider.aws"
                },
                "aws_route_table_association.PublicA": {
                    "type": "aws_route_table_association",
                    "depends_on": [
                        "aws_route_table.public_a",
                        "aws_subnet.PublicA"
                    ],
                    "primary": {
                        "id": "rtbassoc-2f07d552",
                        "attributes": {
                            "id": "rtbassoc-2f07d552",
                            "route_table_id": "rtb-b314d7c8",
                            "subnet_id": "subnet-cba1c780"
                        },
                        "meta": {},
                        "tainted": false
                    },
                    "deposed": [],
                    "provider": "provider.aws"
                },
                "aws_route_table_association.PublicB": {
                    "type": "aws_route_table_association",
                    "depends_on": [
                        "aws_route_table.public_b",
                        "aws_subnet.PublicB"
                    ],
                    "primary": {
                        "id": "rtbassoc-4731e33a",
                        "attributes": {
                            "id": "rtbassoc-4731e33a",
                            "route_table_id": "rtb-c217d4b9",
                            "subnet_id": "subnet-f10c4888"
                        },
                        "meta": {},
                        "tainted": false
                    },
                    "deposed": [],
                    "provider": "provider.aws"
                },
                "aws_security_group.FrontEndA": {
                    "type": "aws_security_group",
                    "depends_on": [
                        "aws_vpc.cybereason_terraform_vpc1"
                    ],
                    "primary": {
                        "id": "sg-d19221a1",
                        "attributes": {
                            "arn": "arn:aws:ec2:us-west-2:250702832602:security-group/sg-d19221a1",
                            "description": "SSH CONNECTION INBOUD",
                            "egress.#": "1",
                            "egress.482069346.cidr_blocks.#": "1",
                            "egress.482069346.cidr_blocks.0": "0.0.0.0/0",
                            "egress.482069346.description": "",
                            "egress.482069346.from_port": "0",
                            "egress.482069346.ipv6_cidr_blocks.#": "0",
                            "egress.482069346.prefix_list_ids.#": "0",
                            "egress.482069346.protocol": "-1",
                            "egress.482069346.security_groups.#": "0",
                            "egress.482069346.self": "false",
                            "egress.482069346.to_port": "0",
                            "id": "sg-d19221a1",
                            "ingress.#": "1",
                            "ingress.2541437006.cidr_blocks.#": "1",
                            "ingress.2541437006.cidr_blocks.0": "0.0.0.0/0",
                            "ingress.2541437006.description": "",
                            "ingress.2541437006.from_port": "22",
                            "ingress.2541437006.ipv6_cidr_blocks.#": "0",
                            "ingress.2541437006.protocol": "TCP",
                            "ingress.2541437006.security_groups.#": "0",
                            "ingress.2541437006.self": "false",
                            "ingress.2541437006.to_port": "22",
                            "name": "FrontEndA",
                            "owner_id": "250702832602",
                            "revoke_rules_on_delete": "false",
                            "tags.%": "1",
                            "tags.Name": "FrontEndA",
                            "vpc_id": "vpc-17ea056f"
                        },
                        "meta": {
                            "e2bfb730-ecaa-11e6-8f88-34363bc7c4c0": {
                                "create": 600000000000,
                                "delete": 600000000000
                            },
                            "schema_version": "1"
                        },
                        "tainted": false
                    },
                    "deposed": [],
                    "provider": "provider.aws"
                },
                "aws_security_group.FrontEndB": {
                    "type": "aws_security_group",
                    "depends_on": [
                        "aws_vpc.cybereason_terraform_vpc2"
                    ],
                    "primary": {
                        "id": "sg-e0902390",
                        "attributes": {
                            "arn": "arn:aws:ec2:us-west-2:250702832602:security-group/sg-e0902390",
                            "description": "SSH CONNECTION INBOUD",
                            "egress.#": "1",
                            "egress.482069346.cidr_blocks.#": "1",
                            "egress.482069346.cidr_blocks.0": "0.0.0.0/0",
                            "egress.482069346.description": "",
                            "egress.482069346.from_port": "0",
                            "egress.482069346.ipv6_cidr_blocks.#": "0",
                            "egress.482069346.prefix_list_ids.#": "0",
                            "egress.482069346.protocol": "-1",
                            "egress.482069346.security_groups.#": "0",
                            "egress.482069346.self": "false",
                            "egress.482069346.to_port": "0",
                            "id": "sg-e0902390",
                            "ingress.#": "1",
                            "ingress.1799340084.cidr_blocks.#": "1",
                            "ingress.1799340084.cidr_blocks.0": "0.0.0.0/0",
                            "ingress.1799340084.description": "",
                            "ingress.1799340084.from_port": "-1",
                            "ingress.1799340084.ipv6_cidr_blocks.#": "0",
                            "ingress.1799340084.protocol": "icmp",
                            "ingress.1799340084.security_groups.#": "0",
                            "ingress.1799340084.self": "false",
                            "ingress.1799340084.to_port": "-1",
                            "name": "FrontEndB",
                            "owner_id": "250702832602",
                            "revoke_rules_on_delete": "false",
                            "tags.%": "1",
                            "tags.Name": "FrontEndB",
                            "vpc_id": "vpc-9be708e3"
                        },
                        "meta": {
                            "e2bfb730-ecaa-11e6-8f88-34363bc7c4c0": {
                                "create": 600000000000,
                                "delete": 600000000000
                            },
                            "schema_version": "1"
                        },
                        "tainted": false
                    },
                    "deposed": [],
                    "provider": "provider.aws"
                },
                "aws_subnet.PrivateA": {
                    "type": "aws_subnet",
                    "depends_on": [
                        "aws_vpc.cybereason_terraform_vpc1",
                        "data.aws_availability_zones.available"
                    ],
                    "primary": {
                        "id": "subnet-f8a0c6b3",
                        "attributes": {
                            "assign_ipv6_address_on_creation": "false",
                            "availability_zone": "us-west-2a",
                            "cidr_block": "172.28.3.0/24",
                            "id": "subnet-f8a0c6b3",
                            "map_public_ip_on_launch": "false",
                            "tags.%": "1",
                            "tags.Name": "PrivateA",
                            "vpc_id": "vpc-17ea056f"
                        },
                        "meta": {
                            "schema_version": "1"
                        },
                        "tainted": false
                    },
                    "deposed": [],
                    "provider": "provider.aws"
                },
                "aws_subnet.PrivateB": {
                    "type": "aws_subnet",
                    "depends_on": [
                        "aws_vpc.cybereason_terraform_vpc2",
                        "data.aws_availability_zones.available"
                    ],
                    "primary": {
                        "id": "subnet-cb0044b2",
                        "attributes": {
                            "assign_ipv6_address_on_creation": "false",
                            "availability_zone": "us-west-2b",
                            "cidr_block": "210.29.3.0/24",
                            "id": "subnet-cb0044b2",
                            "map_public_ip_on_launch": "false",
                            "tags.%": "1",
                            "tags.Name": "PrivateB",
                            "vpc_id": "vpc-9be708e3"
                        },
                        "meta": {
                            "schema_version": "1"
                        },
                        "tainted": false
                    },
                    "deposed": [],
                    "provider": "provider.aws"
                },
                "aws_subnet.PublicA": {
                    "type": "aws_subnet",
                    "depends_on": [
                        "aws_vpc.cybereason_terraform_vpc1",
                        "data.aws_availability_zones.available"
                    ],
                    "primary": {
                        "id": "subnet-cba1c780",
                        "attributes": {
                            "assign_ipv6_address_on_creation": "false",
                            "availability_zone": "us-west-2a",
                            "cidr_block": "172.28.0.0/24",
                            "id": "subnet-cba1c780",
                            "map_public_ip_on_launch": "false",
                            "tags.%": "1",
                            "tags.Name": "PublicA",
                            "vpc_id": "vpc-17ea056f"
                        },
                        "meta": {
                            "schema_version": "1"
                        },
                        "tainted": false
                    },
                    "deposed": [],
                    "provider": "provider.aws"
                },
                "aws_subnet.PublicB": {
                    "type": "aws_subnet",
                    "depends_on": [
                        "aws_vpc.cybereason_terraform_vpc2",
                        "data.aws_availability_zones.available"
                    ],
                    "primary": {
                        "id": "subnet-f10c4888",
                        "attributes": {
                            "assign_ipv6_address_on_creation": "false",
                            "availability_zone": "us-west-2b",
                            "cidr_block": "210.29.0.0/24",
                            "id": "subnet-f10c4888",
                            "map_public_ip_on_launch": "false",
                            "tags.%": "1",
                            "tags.Name": "PublicB",
                            "vpc_id": "vpc-9be708e3"
                        },
                        "meta": {
                            "schema_version": "1"
                        },
                        "tainted": false
                    },
                    "deposed": [],
                    "provider": "provider.aws"
                },
                "aws_vpc.cybereason_terraform_vpc1": {
                    "type": "aws_vpc",
                    "depends_on": [],
                    "primary": {
                        "id": "vpc-17ea056f",
                        "attributes": {
                            "assign_generated_ipv6_cidr_block": "false",
                            "cidr_block": "172.28.0.0/16",
                            "default_network_acl_id": "acl-7a672302",
                            "default_route_table_id": "rtb-2be02350",
                            "default_security_group_id": "sg-54ad1d24",
                            "dhcp_options_id": "default",
                            "enable_classiclink": "false",
                            "enable_classiclink_dns_support": "false",
                            "enable_dns_hostnames": "true",
                            "enable_dns_support": "true",
                            "id": "vpc-17ea056f",
                            "instance_tenancy": "default",
                            "main_route_table_id": "rtb-2be02350",
                            "tags.%": "1",
                            "tags.Name": "cybereason-terraform-vpc1"
                        },
                        "meta": {
                            "schema_version": "1"
                        },
                        "tainted": false
                    },
                    "deposed": [],
                    "provider": "provider.aws"
                },
                "aws_vpc.cybereason_terraform_vpc2": {
                    "type": "aws_vpc",
                    "depends_on": [],
                    "primary": {
                        "id": "vpc-9be708e3",
                        "attributes": {
                            "assign_generated_ipv6_cidr_block": "false",
                            "cidr_block": "210.29.0.0/16",
                            "default_network_acl_id": "acl-9a6c28e2",
                            "default_route_table_id": "rtb-47e3203c",
                            "default_security_group_id": "sg-0eaf1f7e",
                            "dhcp_options_id": "dopt-90e24cf4",
                            "enable_classiclink": "false",
                            "enable_classiclink_dns_support": "false",
                            "enable_dns_hostnames": "true",
                            "enable_dns_support": "true",
                            "id": "vpc-9be708e3",
                            "instance_tenancy": "default",
                            "main_route_table_id": "rtb-47e3203c",
                            "tags.%": "1",
                            "tags.Name": "cybereason-terraform-vpc2"
                        },
                        "meta": {
                            "schema_version": "1"
                        },
                        "tainted": false
                    },
                    "deposed": [],
                    "provider": "provider.aws"
                },
                "aws_vpc_peering_connection.vpc-peering": {
                    "type": "aws_vpc_peering_connection",
                    "depends_on": [
                        "aws_vpc.cybereason_terraform_vpc1",
                        "aws_vpc.cybereason_terraform_vpc2"
                    ],
                    "primary": {
                        "id": "pcx-b34185db",
                        "attributes": {
                            "accept_status": "pending-acceptance",
                            "accepter.#": "1",
                            "accepter.1102046665.allow_classic_link_to_remote_vpc": "false",
                            "accepter.1102046665.allow_remote_vpc_dns_resolution": "true",
                            "accepter.1102046665.allow_vpc_to_remote_classic_link": "false",
                            "auto_accept": "true",
                            "id": "pcx-b34185db",
                            "peer_owner_id": "250702832602",
                            "peer_region": "us-west-2",
                            "peer_vpc_id": "vpc-17ea056f",
                            "requester.#": "1",
                            "requester.3244290774.allow_classic_link_to_remote_vpc": "false",
                            "requester.3244290774.allow_remote_vpc_dns_resolution": "false",
                            "requester.3244290774.allow_vpc_to_remote_classic_link": "false",
                            "tags.%": "0",
                            "vpc_id": "vpc-9be708e3"
                        },
                        "meta": {
                            "e2bfb730-ecaa-11e6-8f88-34363bc7c4c0": {
                                "create": 60000000000,
                                "delete": 60000000000,
                                "update": 60000000000
                            }
                        },
                        "tainted": false
                    },
                    "deposed": [],
                    "provider": "provider.aws"
                },
                "data.aws_availability_zones.available": {
                    "type": "aws_availability_zones",
                    "depends_on": [],
                    "primary": {
                        "id": "2018-07-12 13:01:07.707444096 +0000 UTC",
                        "attributes": {
                            "id": "2018-07-12 13:01:07.707444096 +0000 UTC",
                            "names.#": "3",
                            "names.0": "us-west-2a",
                            "names.1": "us-west-2b",
                            "names.2": "us-west-2c"
                        },
                        "meta": {},
                        "tainted": false
                    },
                    "deposed": [],
                    "provider": "provider.aws"
                }
            },
            "depends_on": []
        }
    ]
}
