{
    "version": 3,
    "terraform_version": "0.11.7",
    "serial": 49,
    "lineage": "350286b5-e864-4c6c-a123-50672543be2a",
    "modules": [
        {
            "path": [
                "root"
            ],
            "outputs": {},
            "resources": {
                "aws_vpc.cybereason_terraform_vpc1": {
                    "type": "aws_vpc",
                    "depends_on": [],
                    "primary": {
                        "id": "vpc-17ea056f",
                        "attributes": {
                            "assign_generated_ipv6_cidr_block": "false",
                            "cidr_block": "172.28.0.0/16",
                            "default_network_acl_id": "acl-7a672302",
                            "default_route_table_id": "rtb-2be02350",
                            "default_security_group_id": "sg-54ad1d24",
                            "dhcp_options_id": "default",
                            "enable_classiclink": "false",
                            "enable_classiclink_dns_support": "false",
                            "enable_dns_hostnames": "true",
                            "enable_dns_support": "true",
                            "id": "vpc-17ea056f",
                            "instance_tenancy": "default",
                            "main_route_table_id": "rtb-2be02350",
                            "tags.%": "1",
                            "tags.Name": "cybereason-terraform-vpc1"
                        },
                        "meta": {
                            "schema_version": "1"
                        },
                        "tainted": false
                    },
                    "deposed": [],
                    "provider": "provider.aws"
                },
                "aws_vpc.cybereason_terraform_vpc2": {
                    "type": "aws_vpc",
                    "depends_on": [],
                    "primary": {
                        "id": "vpc-9be708e3",
                        "attributes": {
                            "assign_generated_ipv6_cidr_block": "false",
                            "cidr_block": "210.29.0.0/16",
                            "default_network_acl_id": "acl-9a6c28e2",
                            "default_route_table_id": "rtb-47e3203c",
                            "default_security_group_id": "sg-0eaf1f7e",
                            "dhcp_options_id": "dopt-90e24cf4",
                            "enable_classiclink": "false",
                            "enable_classiclink_dns_support": "false",
                            "enable_dns_hostnames": "true",
                            "enable_dns_support": "true",
                            "id": "vpc-9be708e3",
                            "instance_tenancy": "default",
                            "main_route_table_id": "rtb-47e3203c",
                            "tags.%": "1",
                            "tags.Name": "cybereason-terraform-vpc2"
                        },
                        "meta": {
                            "schema_version": "1"
                        },
                        "tainted": false
                    },
                    "deposed": [],
                    "provider": "provider.aws"
                }
            },
            "depends_on": []
        }
    ]
}
