{
    "version": 3,
    "terraform_version": "0.11.7",
    "serial": 70,
    "lineage": "350286b5-e864-4c6c-a123-50672543be2a",
    "modules": [
        {
            "path": [
                "root"
            ],
            "outputs": {},
            "resources": {
                "aws_eip.forNatA": {
                    "type": "aws_eip",
                    "depends_on": [],
                    "primary": {
                        "id": "eipalloc-4fc6e173",
                        "attributes": {
                            "association_id": "",
                            "domain": "vpc",
                            "id": "eipalloc-4fc6e173",
                            "instance": "",
                            "network_interface": "",
                            "private_ip": "",
                            "public_ip": "54.190.240.120",
                            "tags.%": "0",
                            "vpc": "true"
                        },
                        "meta": {
                            "e2bfb730-ecaa-11e6-8f88-34363bc7c4c0": {
                                "delete": 180000000000,
                                "read": 900000000000,
                                "update": 300000000000
                            }
                        },
                        "tainted": false
                    },
                    "deposed": [],
                    "provider": "provider.aws"
                },
                "aws_eip.forNatB": {
                    "type": "aws_eip",
                    "depends_on": [],
                    "primary": {
                        "id": "eipalloc-c9c4e3f5",
                        "attributes": {
                            "association_id": "",
                            "domain": "vpc",
                            "id": "eipalloc-c9c4e3f5",
                            "instance": "",
                            "network_interface": "",
                            "private_ip": "",
                            "public_ip": "35.163.111.152",
                            "tags.%": "0",
                            "vpc": "true"
                        },
                        "meta": {
                            "e2bfb730-ecaa-11e6-8f88-34363bc7c4c0": {
                                "delete": 180000000000,
                                "read": 900000000000,
                                "update": 300000000000
                            }
                        },
                        "tainted": false
                    },
                    "deposed": [],
                    "provider": "provider.aws"
                },
                "aws_instance.serv1": {
                    "type": "aws_instance",
                    "depends_on": [
                        "aws_instance.serv2",
                        "aws_security_group.FrontEndA",
                        "aws_subnet.PublicA"
                    ],
                    "primary": {
                        "id": "i-0729e7d9f29eca801",
                        "attributes": {
                            "ami": "ami-5ec1673e",
                            "associate_public_ip_address": "true",
                            "availability_zone": "us-west-2a",
                            "credit_specification.#": "1",
                            "credit_specification.0.cpu_credits": "standard",
                            "disable_api_termination": "false",
                            "ebs_block_device.#": "0",
                            "ebs_optimized": "false",
                            "ephemeral_block_device.#": "0",
                            "get_password_data": "false",
                            "iam_instance_profile": "",
                            "id": "i-0729e7d9f29eca801",
                            "instance_state": "running",
                            "instance_type": "t2.micro",
                            "ipv6_addresses.#": "0",
                            "key_name": "ELK stack",
                            "monitoring": "false",
                            "network_interface.#": "0",
                            "network_interface_id": "eni-ccaf70c7",
                            "password_data": "",
                            "placement_group": "",
                            "primary_network_interface_id": "eni-ccaf70c7",
                            "private_dns": "ip-172-28-0-162.us-west-2.compute.internal",
                            "private_ip": "172.28.0.162",
                            "public_dns": "ec2-52-24-142-228.us-west-2.compute.amazonaws.com",
                            "public_ip": "52.24.142.228",
                            "root_block_device.#": "1",
                            "root_block_device.0.delete_on_termination": "true",
                            "root_block_device.0.iops": "100",
                            "root_block_device.0.volume_id": "vol-0d8fb59bb1d7432ef",
                            "root_block_device.0.volume_size": "8",
                            "root_block_device.0.volume_type": "gp2",
                            "security_groups.#": "0",
                            "source_dest_check": "true",
                            "subnet_id": "subnet-e1c2a2aa",
                            "tags.%": "1",
                            "tags.Name": "serv1",
                            "tenancy": "default",
                            "volume_tags.%": "0",
                            "vpc_security_group_ids.#": "1",
                            "vpc_security_group_ids.1539544816": "sg-6627ad16"
                        },
                        "meta": {
                            "e2bfb730-ecaa-11e6-8f88-34363bc7c4c0": {
                                "create": 600000000000,
                                "delete": 1200000000000,
                                "update": 600000000000
                            },
                            "schema_version": "1"
                        },
                        "tainted": false
                    },
                    "deposed": [],
                    "provider": "provider.aws"
                },
                "aws_instance.serv2": {
                    "type": "aws_instance",
                    "depends_on": [
                        "aws_security_group.FrontEndB",
                        "aws_subnet.PrivateB"
                    ],
                    "primary": {
                        "id": "i-0707fc82b7a02abde",
                        "attributes": {
                            "ami": "ami-5ec1673e",
                            "associate_public_ip_address": "false",
                            "availability_zone": "us-west-2b",
                            "credit_specification.#": "1",
                            "credit_specification.0.cpu_credits": "standard",
                            "disable_api_termination": "false",
                            "ebs_block_device.#": "0",
                            "ebs_optimized": "false",
                            "ephemeral_block_device.#": "0",
                            "get_password_data": "false",
                            "iam_instance_profile": "",
                            "id": "i-0707fc82b7a02abde",
                            "instance_state": "running",
                            "instance_type": "t2.micro",
                            "ipv6_addresses.#": "0",
                            "key_name": "ELK stack",
                            "monitoring": "false",
                            "network_interface.#": "0",
                            "network_interface_id": "eni-c5ba5dfe",
                            "password_data": "",
                            "placement_group": "",
                            "primary_network_interface_id": "eni-c5ba5dfe",
                            "private_dns": "ip-210-29-3-158.us-west-2.compute.internal",
                            "private_ip": "210.29.3.158",
                            "public_dns": "",
                            "public_ip": "",
                            "root_block_device.#": "1",
                            "root_block_device.0.delete_on_termination": "true",
                            "root_block_device.0.iops": "100",
                            "root_block_device.0.volume_id": "vol-03df0b6cfe08600c3",
                            "root_block_device.0.volume_size": "8",
                            "root_block_device.0.volume_type": "gp2",
                            "security_groups.#": "0",
                            "source_dest_check": "true",
                            "subnet_id": "subnet-737f390a",
                            "tags.%": "1",
                            "tags.Name": "serv2",
                            "tenancy": "default",
                            "volume_tags.%": "0",
                            "vpc_security_group_ids.#": "1",
                            "vpc_security_group_ids.2402724358": "sg-193eb469"
                        },
                        "meta": {
                            "e2bfb730-ecaa-11e6-8f88-34363bc7c4c0": {
                                "create": 600000000000,
                                "delete": 1200000000000,
                                "update": 600000000000
                            },
                            "schema_version": "1"
                        },
                        "tainted": false
                    },
                    "deposed": [],
                    "provider": "provider.aws"
                },
                "aws_internet_gateway.gw_a": {
                    "type": "aws_internet_gateway",
                    "depends_on": [
                        "aws_vpc.cybereason_terraform_vpc1"
                    ],
                    "primary": {
                        "id": "igw-092c096f",
                        "attributes": {
                            "id": "igw-092c096f",
                            "tags.%": "1",
                            "tags.Name": "internet gw terraform generated",
                            "vpc_id": "vpc-34fb134c"
                        },
                        "meta": {},
                        "tainted": false
                    },
                    "deposed": [],
                    "provider": "provider.aws"
                },
                "aws_nat_gateway.PublicA": {
                    "type": "aws_nat_gateway",
                    "depends_on": [
                        "aws_eip.forNatA",
                        "aws_internet_gateway.gw_a",
                        "aws_subnet.PublicA"
                    ],
                    "primary": {
                        "id": "nat-05934352940df94ad",
                        "attributes": {
                            "allocation_id": "eipalloc-4fc6e173",
                            "id": "nat-05934352940df94ad",
                            "network_interface_id": "eni-b7af70bc",
                            "private_ip": "172.28.0.47",
                            "public_ip": "54.190.240.120",
                            "subnet_id": "subnet-e1c2a2aa",
                            "tags.%": "0"
                        },
                        "meta": {},
                        "tainted": false
                    },
                    "deposed": [],
                    "provider": "provider.aws"
                },
                "aws_network_acl.all_a": {
                    "type": "aws_network_acl",
                    "depends_on": [
                        "aws_vpc.cybereason_terraform_vpc1"
                    ],
                    "primary": {
                        "id": "acl-44a6e73c",
                        "attributes": {
                            "egress.#": "1",
                            "egress.2943206146.action": "allow",
                            "egress.2943206146.cidr_block": "0.0.0.0/0",
                            "egress.2943206146.from_port": "0",
                            "egress.2943206146.icmp_code": "0",
                            "egress.2943206146.icmp_type": "0",
                            "egress.2943206146.ipv6_cidr_block": "",
                            "egress.2943206146.protocol": "-1",
                            "egress.2943206146.rule_no": "2",
                            "egress.2943206146.to_port": "0",
                            "id": "acl-44a6e73c",
                            "ingress.#": "1",
                            "ingress.1564094202.action": "allow",
                            "ingress.1564094202.cidr_block": "0.0.0.0/0",
                            "ingress.1564094202.from_port": "0",
                            "ingress.1564094202.icmp_code": "0",
                            "ingress.1564094202.icmp_type": "0",
                            "ingress.1564094202.ipv6_cidr_block": "",
                            "ingress.1564094202.protocol": "-1",
                            "ingress.1564094202.rule_no": "1",
                            "ingress.1564094202.to_port": "0",
                            "subnet_ids.#": "0",
                            "tags.%": "1",
                            "tags.Name": "open acl",
                            "vpc_id": "vpc-34fb134c"
                        },
                        "meta": {},
                        "tainted": false
                    },
                    "deposed": [],
                    "provider": "provider.aws"
                },
                "aws_network_acl.all_b": {
                    "type": "aws_network_acl",
                    "depends_on": [
                        "aws_vpc.cybereason_terraform_vpc2"
                    ],
                    "primary": {
                        "id": "acl-80a3e2f8",
                        "attributes": {
                            "egress.#": "1",
                            "egress.2943206146.action": "allow",
                            "egress.2943206146.cidr_block": "0.0.0.0/0",
                            "egress.2943206146.from_port": "0",
                            "egress.2943206146.icmp_code": "0",
                            "egress.2943206146.icmp_type": "0",
                            "egress.2943206146.ipv6_cidr_block": "",
                            "egress.2943206146.protocol": "-1",
                            "egress.2943206146.rule_no": "2",
                            "egress.2943206146.to_port": "0",
                            "id": "acl-80a3e2f8",
                            "ingress.#": "1",
                            "ingress.1564094202.action": "allow",
                            "ingress.1564094202.cidr_block": "0.0.0.0/0",
                            "ingress.1564094202.from_port": "0",
                            "ingress.1564094202.icmp_code": "0",
                            "ingress.1564094202.icmp_type": "0",
                            "ingress.1564094202.ipv6_cidr_block": "",
                            "ingress.1564094202.protocol": "-1",
                            "ingress.1564094202.rule_no": "1",
                            "ingress.1564094202.to_port": "0",
                            "subnet_ids.#": "0",
                            "tags.%": "1",
                            "tags.Name": "open acl",
                            "vpc_id": "vpc-94ff17ec"
                        },
                        "meta": {},
                        "tainted": false
                    },
                    "deposed": [],
                    "provider": "provider.aws"
                },
                "aws_route_table.private_a": {
                    "type": "aws_route_table",
                    "depends_on": [
                        "aws_nat_gateway.PublicA",
                        "aws_vpc.cybereason_terraform_vpc1"
                    ],
                    "primary": {
                        "id": "rtb-68c90613",
                        "attributes": {
                            "id": "rtb-68c90613",
                            "propagating_vgws.#": "0",
                            "route.#": "1",
                            "route.197615853.cidr_block": "0.0.0.0/0",
                            "route.197615853.egress_only_gateway_id": "",
                            "route.197615853.gateway_id": "",
                            "route.197615853.instance_id": "",
                            "route.197615853.ipv6_cidr_block": "",
                            "route.197615853.nat_gateway_id": "nat-05934352940df94ad",
                            "route.197615853.network_interface_id": "",
                            "route.197615853.vpc_peering_connection_id": "",
                            "tags.%": "1",
                            "tags.Name": "PrivateA",
                            "vpc_id": "vpc-34fb134c"
                        },
                        "meta": {},
                        "tainted": false
                    },
                    "deposed": [],
                    "provider": "provider.aws"
                },
                "aws_route_table.private_b": {
                    "type": "aws_route_table",
                    "depends_on": [
                        "aws_vpc.cybereason_terraform_vpc2",
                        "aws_vpc_peering_connection.vpc-peering"
                    ],
                    "primary": {
                        "id": "rtb-c1cc03ba",
                        "attributes": {
                            "id": "rtb-c1cc03ba",
                            "propagating_vgws.#": "0",
                            "route.#": "1",
                            "route.738432220.cidr_block": "172.28.0.0/16",
                            "route.738432220.egress_only_gateway_id": "",
                            "route.738432220.gateway_id": "",
                            "route.738432220.instance_id": "",
                            "route.738432220.ipv6_cidr_block": "",
                            "route.738432220.nat_gateway_id": "",
                            "route.738432220.network_interface_id": "",
                            "route.738432220.vpc_peering_connection_id": "pcx-514b8d39",
                            "tags.%": "1",
                            "tags.Name": "PrivateB",
                            "vpc_id": "vpc-94ff17ec"
                        },
                        "meta": {},
                        "tainted": false
                    },
                    "deposed": [],
                    "provider": "provider.aws"
                },
                "aws_route_table.public_a": {
                    "type": "aws_route_table",
                    "depends_on": [
                        "aws_internet_gateway.gw_a",
                        "aws_vpc.cybereason_terraform_vpc1",
                        "aws_vpc_peering_connection.vpc-peering"
                    ],
                    "primary": {
                        "id": "rtb-b1dd12ca",
                        "attributes": {
                            "id": "rtb-b1dd12ca",
                            "propagating_vgws.#": "0",
                            "route.#": "2",
                            "route.3249145999.cidr_block": "0.0.0.0/0",
                            "route.3249145999.egress_only_gateway_id": "",
                            "route.3249145999.gateway_id": "igw-092c096f",
                            "route.3249145999.instance_id": "",
                            "route.3249145999.ipv6_cidr_block": "",
                            "route.3249145999.nat_gateway_id": "",
                            "route.3249145999.network_interface_id": "",
                            "route.3249145999.vpc_peering_connection_id": "",
                            "route.3573625812.cidr_block": "210.29.0.0/16",
                            "route.3573625812.egress_only_gateway_id": "",
                            "route.3573625812.gateway_id": "",
                            "route.3573625812.instance_id": "",
                            "route.3573625812.ipv6_cidr_block": "",
                            "route.3573625812.nat_gateway_id": "",
                            "route.3573625812.network_interface_id": "",
                            "route.3573625812.vpc_peering_connection_id": "pcx-514b8d39",
                            "tags.%": "1",
                            "tags.Name": "PublicA",
                            "vpc_id": "vpc-34fb134c"
                        },
                        "meta": {},
                        "tainted": false
                    },
                    "deposed": [],
                    "provider": "provider.aws"
                },
                "aws_route_table_association.PrivateA": {
                    "type": "aws_route_table_association",
                    "depends_on": [
                        "aws_route_table.private_a",
                        "aws_subnet.PrivateA"
                    ],
                    "primary": {
                        "id": "rtbassoc-af17cfd2",
                        "attributes": {
                            "id": "rtbassoc-af17cfd2",
                            "route_table_id": "rtb-68c90613",
                            "subnet_id": "subnet-89ceaec2"
                        },
                        "meta": {},
                        "tainted": false
                    },
                    "deposed": [],
                    "provider": "provider.aws"
                },
                "aws_route_table_association.PrivateB": {
                    "type": "aws_route_table_association",
                    "depends_on": [
                        "aws_route_table.private_b",
                        "aws_subnet.PrivateB"
                    ],
                    "primary": {
                        "id": "rtbassoc-6b15cd16",
                        "attributes": {
                            "id": "rtbassoc-6b15cd16",
                            "route_table_id": "rtb-c1cc03ba",
                            "subnet_id": "subnet-737f390a"
                        },
                        "meta": {},
                        "tainted": false
                    },
                    "deposed": [],
                    "provider": "provider.aws"
                },
                "aws_route_table_association.PublicA": {
                    "type": "aws_route_table_association",
                    "depends_on": [
                        "aws_route_table.public_a",
                        "aws_subnet.PublicA"
                    ],
                    "primary": {
                        "id": "rtbassoc-6c19c111",
                        "attributes": {
                            "id": "rtbassoc-6c19c111",
                            "route_table_id": "rtb-b1dd12ca",
                            "subnet_id": "subnet-e1c2a2aa"
                        },
                        "meta": {},
                        "tainted": false
                    },
                    "deposed": [],
                    "provider": "provider.aws"
                },
                "aws_security_group.FrontEndA": {
                    "type": "aws_security_group",
                    "depends_on": [
                        "aws_vpc.cybereason_terraform_vpc1"
                    ],
                    "primary": {
                        "id": "sg-6627ad16",
                        "attributes": {
                            "arn": "arn:aws:ec2:us-west-2:250702832602:security-group/sg-6627ad16",
                            "description": "SSH CONNECTION INBOUD",
                            "egress.#": "1",
                            "egress.482069346.cidr_blocks.#": "1",
                            "egress.482069346.cidr_blocks.0": "0.0.0.0/0",
                            "egress.482069346.description": "",
                            "egress.482069346.from_port": "0",
                            "egress.482069346.ipv6_cidr_blocks.#": "0",
                            "egress.482069346.prefix_list_ids.#": "0",
                            "egress.482069346.protocol": "-1",
                            "egress.482069346.security_groups.#": "0",
                            "egress.482069346.self": "false",
                            "egress.482069346.to_port": "0",
                            "id": "sg-6627ad16",
                            "ingress.#": "1",
                            "ingress.2541437006.cidr_blocks.#": "1",
                            "ingress.2541437006.cidr_blocks.0": "0.0.0.0/0",
                            "ingress.2541437006.description": "",
                            "ingress.2541437006.from_port": "22",
                            "ingress.2541437006.ipv6_cidr_blocks.#": "0",
                            "ingress.2541437006.protocol": "TCP",
                            "ingress.2541437006.security_groups.#": "0",
                            "ingress.2541437006.self": "false",
                            "ingress.2541437006.to_port": "22",
                            "name": "FrontEndA",
                            "owner_id": "250702832602",
                            "revoke_rules_on_delete": "false",
                            "tags.%": "1",
                            "tags.Name": "FrontEndA",
                            "vpc_id": "vpc-34fb134c"
                        },
                        "meta": {
                            "e2bfb730-ecaa-11e6-8f88-34363bc7c4c0": {
                                "create": 600000000000,
                                "delete": 600000000000
                            },
                            "schema_version": "1"
                        },
                        "tainted": false
                    },
                    "deposed": [],
                    "provider": "provider.aws"
                },
                "aws_security_group.FrontEndB": {
                    "type": "aws_security_group",
                    "depends_on": [
                        "aws_vpc.cybereason_terraform_vpc2"
                    ],
                    "primary": {
                        "id": "sg-193eb469",
                        "attributes": {
                            "arn": "arn:aws:ec2:us-west-2:250702832602:security-group/sg-193eb469",
                            "description": "SSH CONNECTION INBOUD",
                            "egress.#": "1",
                            "egress.482069346.cidr_blocks.#": "1",
                            "egress.482069346.cidr_blocks.0": "0.0.0.0/0",
                            "egress.482069346.description": "",
                            "egress.482069346.from_port": "0",
                            "egress.482069346.ipv6_cidr_blocks.#": "0",
                            "egress.482069346.prefix_list_ids.#": "0",
                            "egress.482069346.protocol": "-1",
                            "egress.482069346.security_groups.#": "0",
                            "egress.482069346.self": "false",
                            "egress.482069346.to_port": "0",
                            "id": "sg-193eb469",
                            "ingress.#": "1",
                            "ingress.1799340084.cidr_blocks.#": "1",
                            "ingress.1799340084.cidr_blocks.0": "0.0.0.0/0",
                            "ingress.1799340084.description": "",
                            "ingress.1799340084.from_port": "-1",
                            "ingress.1799340084.ipv6_cidr_blocks.#": "0",
                            "ingress.1799340084.protocol": "icmp",
                            "ingress.1799340084.security_groups.#": "0",
                            "ingress.1799340084.self": "false",
                            "ingress.1799340084.to_port": "-1",
                            "name": "FrontEndB",
                            "owner_id": "250702832602",
                            "revoke_rules_on_delete": "false",
                            "tags.%": "1",
                            "tags.Name": "FrontEndB",
                            "vpc_id": "vpc-94ff17ec"
                        },
                        "meta": {
                            "e2bfb730-ecaa-11e6-8f88-34363bc7c4c0": {
                                "create": 600000000000,
                                "delete": 600000000000
                            },
                            "schema_version": "1"
                        },
                        "tainted": false
                    },
                    "deposed": [],
                    "provider": "provider.aws"
                },
                "aws_subnet.PrivateA": {
                    "type": "aws_subnet",
                    "depends_on": [
                        "aws_vpc.cybereason_terraform_vpc1",
                        "data.aws_availability_zones.available"
                    ],
                    "primary": {
                        "id": "subnet-89ceaec2",
                        "attributes": {
                            "assign_ipv6_address_on_creation": "false",
                            "availability_zone": "us-west-2a",
                            "cidr_block": "172.28.3.0/24",
                            "id": "subnet-89ceaec2",
                            "map_public_ip_on_launch": "false",
                            "tags.%": "1",
                            "tags.Name": "PrivateA",
                            "vpc_id": "vpc-34fb134c"
                        },
                        "meta": {
                            "schema_version": "1"
                        },
                        "tainted": false
                    },
                    "deposed": [],
                    "provider": "provider.aws"
                },
                "aws_subnet.PrivateB": {
                    "type": "aws_subnet",
                    "depends_on": [
                        "aws_vpc.cybereason_terraform_vpc2",
                        "data.aws_availability_zones.available"
                    ],
                    "primary": {
                        "id": "subnet-737f390a",
                        "attributes": {
                            "assign_ipv6_address_on_creation": "false",
                            "availability_zone": "us-west-2b",
                            "cidr_block": "210.29.3.0/24",
                            "id": "subnet-737f390a",
                            "map_public_ip_on_launch": "false",
                            "tags.%": "1",
                            "tags.Name": "PrivateB",
                            "vpc_id": "vpc-94ff17ec"
                        },
                        "meta": {
                            "schema_version": "1"
                        },
                        "tainted": false
                    },
                    "deposed": [],
                    "provider": "provider.aws"
                },
                "aws_subnet.PublicA": {
                    "type": "aws_subnet",
                    "depends_on": [
                        "aws_vpc.cybereason_terraform_vpc1",
                        "data.aws_availability_zones.available"
                    ],
                    "primary": {
                        "id": "subnet-e1c2a2aa",
                        "attributes": {
                            "assign_ipv6_address_on_creation": "false",
                            "availability_zone": "us-west-2a",
                            "cidr_block": "172.28.0.0/24",
                            "id": "subnet-e1c2a2aa",
                            "map_public_ip_on_launch": "false",
                            "tags.%": "1",
                            "tags.Name": "PublicA",
                            "vpc_id": "vpc-34fb134c"
                        },
                        "meta": {
                            "schema_version": "1"
                        },
                        "tainted": false
                    },
                    "deposed": [],
                    "provider": "provider.aws"
                },
                "aws_vpc.cybereason_terraform_vpc1": {
                    "type": "aws_vpc",
                    "depends_on": [],
                    "primary": {
                        "id": "vpc-34fb134c",
                        "attributes": {
                            "assign_generated_ipv6_cidr_block": "false",
                            "cidr_block": "172.28.0.0/16",
                            "default_network_acl_id": "acl-38afee40",
                            "default_route_table_id": "rtb-ebc30c90",
                            "default_security_group_id": "sg-a031bbd0",
                            "dhcp_options_id": "dopt-90e24cf4",
                            "enable_classiclink": "false",
                            "enable_classiclink_dns_support": "false",
                            "enable_dns_hostnames": "true",
                            "enable_dns_support": "true",
                            "id": "vpc-34fb134c",
                            "instance_tenancy": "default",
                            "main_route_table_id": "rtb-ebc30c90",
                            "tags.%": "1",
                            "tags.Name": "cybereason-terraform-vpc1"
                        },
                        "meta": {
                            "schema_version": "1"
                        },
                        "tainted": false
                    },
                    "deposed": [],
                    "provider": "provider.aws"
                },
                "aws_vpc.cybereason_terraform_vpc2": {
                    "type": "aws_vpc",
                    "depends_on": [],
                    "primary": {
                        "id": "vpc-94ff17ec",
                        "attributes": {
                            "assign_generated_ipv6_cidr_block": "false",
                            "cidr_block": "210.29.0.0/16",
                            "default_network_acl_id": "acl-20abea58",
                            "default_route_table_id": "rtb-fbcb0480",
                            "default_security_group_id": "sg-4736bc37",
                            "dhcp_options_id": "dopt-90e24cf4",
                            "enable_classiclink": "false",
                            "enable_classiclink_dns_support": "false",
                            "enable_dns_hostnames": "true",
                            "enable_dns_support": "true",
                            "id": "vpc-94ff17ec",
                            "instance_tenancy": "default",
                            "main_route_table_id": "rtb-fbcb0480",
                            "tags.%": "1",
                            "tags.Name": "cybereason-terraform-vpc2"
                        },
                        "meta": {
                            "schema_version": "1"
                        },
                        "tainted": false
                    },
                    "deposed": [],
                    "provider": "provider.aws"
                },
                "aws_vpc_peering_connection.vpc-peering": {
                    "type": "aws_vpc_peering_connection",
                    "depends_on": [
                        "aws_vpc.cybereason_terraform_vpc1",
                        "aws_vpc.cybereason_terraform_vpc2"
                    ],
                    "primary": {
                        "id": "pcx-514b8d39",
                        "attributes": {
                            "accept_status": "active",
                            "accepter.#": "1",
                            "accepter.1102046665.allow_classic_link_to_remote_vpc": "false",
                            "accepter.1102046665.allow_remote_vpc_dns_resolution": "true",
                            "accepter.1102046665.allow_vpc_to_remote_classic_link": "false",
                            "auto_accept": "true",
                            "id": "pcx-514b8d39",
                            "peer_owner_id": "250702832602",
                            "peer_region": "us-west-2",
                            "peer_vpc_id": "vpc-34fb134c",
                            "requester.#": "1",
                            "requester.1102046665.allow_classic_link_to_remote_vpc": "false",
                            "requester.1102046665.allow_remote_vpc_dns_resolution": "true",
                            "requester.1102046665.allow_vpc_to_remote_classic_link": "false",
                            "tags.%": "0",
                            "vpc_id": "vpc-94ff17ec"
                        },
                        "meta": {
                            "e2bfb730-ecaa-11e6-8f88-34363bc7c4c0": {
                                "create": 60000000000,
                                "delete": 60000000000,
                                "update": 60000000000
                            }
                        },
                        "tainted": false
                    },
                    "deposed": [],
                    "provider": "provider.aws"
                },
                "data.aws_availability_zones.available": {
                    "type": "aws_availability_zones",
                    "depends_on": [],
                    "primary": {
                        "id": "2018-07-16 16:09:47.333491904 +0000 UTC",
                        "attributes": {
                            "id": "2018-07-16 16:09:47.333491904 +0000 UTC",
                            "names.#": "3",
                            "names.0": "us-west-2a",
                            "names.1": "us-west-2b",
                            "names.2": "us-west-2c"
                        },
                        "meta": {},
                        "tainted": false
                    },
                    "deposed": [],
                    "provider": "provider.aws"
                }
            },
            "depends_on": []
        }
    ]
}
